
Microsoft Visual Studio Solution File, Format Version 12.00
# Visual Studio Version 16
VisualStudioVersion = 16.0.31624.102
MinimumVisualStudioVersion = 10.0.40219.1
Project("{2150E333-8FDC-42A3-9474-1A3956D46DE8}") = "Services", "Services", "{D61A74EF-E9B6-4727-8A26-223E27D01BDA}"
EndProject
Project("{2150E333-8FDC-42A3-9474-1A3956D46DE8}") = "Catalog", "Catalog", "{CB05D117-A710-484E-9517-D4FC23B0BF12}"
EndProject
Project("{9A19103F-16F7-4668-BE54-9A1E7A4F7556}") = "Catalog.API", "Services\Catalog\Catalog.API\Catalog.API.csproj", "{76E2BCC3-7064-4687-BCF4-A913C1F015D4}"
EndProject
Project("{E53339B2-1760-4266-BCC7-CA923CBCF16C}") = "docker-compose", "docker-compose.dcproj", "{22D782CC-05F8-4DAE-A0F0-663F9A6FA47B}"
EndProject
Global
	GlobalSection(SolutionConfigurationPlatforms) = preSolution
		Debug|Any CPU = Debug|Any CPU
		Release|Any CPU = Release|Any CPU
	EndGlobalSection
	GlobalSection(ProjectConfigurationPlatforms) = postSolution
		{76E2BCC3-7064-4687-BCF4-A913C1F015D4}.Debug|Any CPU.ActiveCfg = Debug|Any CPU
		{76E2BCC3-7064-4687-BCF4-A913C1F015D4}.Debug|Any CPU.Build.0 = Debug|Any CPU
		{76E2BCC3-7064-4687-BCF4-A913C1F015D4}.Release|Any CPU.ActiveCfg = Release|Any CPU
		{76E2BCC3-7064-4687-BCF4-A913C1F015D4}.Release|Any CPU.Build.0 = Release|Any CPU
		{22D782CC-05F8-4DAE-A0F0-663F9A6FA47B}.Debug|Any CPU.ActiveCfg = Debug|Any CPU
		{22D782CC-05F8-4DAE-A0F0-663F9A6FA47B}.Debug|Any CPU.Build.0 = Debug|Any CPU
		{22D782CC-05F8-4DAE-A0F0-663F9A6FA47B}.Release|Any CPU.ActiveCfg = Release|Any CPU
		{22D782CC-05F8-4DAE-A0F0-663F9A6FA47B}.Release|Any CPU.Build.0 = Release|Any CPU
	EndGlobalSection
	GlobalSection(SolutionProperties) = preSolution
		HideSolutionNode = FALSE
	EndGlobalSection
	GlobalSection(NestedProjects) = preSolution
		{CB05D117-A710-484E-9517-D4FC23B0BF12} = {D61A74EF-E9B6-4727-8A26-223E27D01BDA}
		{76E2BCC3-7064-4687-BCF4-A913C1F015D4} = {CB05D117-A710-484E-9517-D4FC23B0BF12}
	EndGlobalSection
	GlobalSection(ExtensibilityGlobals) = postSolution
		SolutionGuid = {70C8356B-A1E8-4228-92A3-A0605643FC5C}
	EndGlobalSection
EndGlobal
